
Microsoft Visual Studio Solution File, Format Version 12.00
# Visual Studio Version 16
VisualStudioVersion = 16.0.30907.101
MinimumVisualStudioVersion = 10.0.40219.1
Project("{9A19103F-16F7-4668-BE54-9A1E7A4F7556}") = "Algorithms.App", "Algorithms.App\Algorithms.App.csproj", "{E1C4B83C-9D7F-4D15-8386-63E4141928EB}"
EndProject
Project("{9A19103F-16F7-4668-BE54-9A1E7A4F7556}") = "Algorithms.Sorting", "Algorithms.Sorting\Algorithms.Sorting.csproj", "{353B5F8B-630A-46D3-BFD6-DB944547BBAE}"
EndProject
Project("{FAE04EC0-301F-11D3-BF4B-00C04F79EFBC}") = "Algorithms.DataStructures", "Algorithms.DataStructures\Algorithms.DataStructures.csproj", "{EF23EF8B-ED3B-4BBC-A979-B2CCD9484368}"
EndProject
Global
	GlobalSection(SolutionConfigurationPlatforms) = preSolution
		Debug|Any CPU = Debug|Any CPU
		Release|Any CPU = Release|Any CPU
	EndGlobalSection
	GlobalSection(ProjectConfigurationPlatforms) = postSolution
		{E1C4B83C-9D7F-4D15-8386-63E4141928EB}.Debug|Any CPU.ActiveCfg = Debug|Any CPU
		{E1C4B83C-9D7F-4D15-8386-63E4141928EB}.Debug|Any CPU.Build.0 = Debug|Any CPU
		{E1C4B83C-9D7F-4D15-8386-63E4141928EB}.Release|Any CPU.ActiveCfg = Release|Any CPU
		{E1C4B83C-9D7F-4D15-8386-63E4141928EB}.Release|Any CPU.Build.0 = Release|Any CPU
		{353B5F8B-630A-46D3-BFD6-DB944547BBAE}.Debug|Any CPU.ActiveCfg = Debug|Any CPU
		{353B5F8B-630A-46D3-BFD6-DB944547BBAE}.Debug|Any CPU.Build.0 = Debug|Any CPU
		{353B5F8B-630A-46D3-BFD6-DB944547BBAE}.Release|Any CPU.ActiveCfg = Release|Any CPU
		{353B5F8B-630A-46D3-BFD6-DB944547BBAE}.Release|Any CPU.Build.0 = Release|Any CPU
		{EF23EF8B-ED3B-4BBC-A979-B2CCD9484368}.Debug|Any CPU.ActiveCfg = Debug|Any CPU
		{EF23EF8B-ED3B-4BBC-A979-B2CCD9484368}.Debug|Any CPU.Build.0 = Debug|Any CPU
		{EF23EF8B-ED3B-4BBC-A979-B2CCD9484368}.Release|Any CPU.ActiveCfg = Release|Any CPU
		{EF23EF8B-ED3B-4BBC-A979-B2CCD9484368}.Release|Any CPU.Build.0 = Release|Any CPU
	EndGlobalSection
	GlobalSection(SolutionProperties) = preSolution
		HideSolutionNode = FALSE
	EndGlobalSection
	GlobalSection(ExtensibilityGlobals) = postSolution
		SolutionGuid = {28FD9462-1F4E-4B3E-9B9C-A348659912A0}
	EndGlobalSection
EndGlobal
